
Microsoft Visual Studio Solution File, Format Version 12.00
# Visual Studio Version 16
VisualStudioVersion = 16.0.32630.194
MinimumVisualStudioVersion = 10.0.40219.1
Project("{FAE04EC0-301F-11D3-BF4B-00C04F79EFBC}") = "math", "math\math.csproj", "{A9630AF9-E759-4124-A3CA-C69B2EA2EA00}"
EndProject
Global
	GlobalSection(SolutionConfigurationPlatforms) = preSolution
		Debug|Any CPU = Debug|Any CPU
		Release|Any CPU = Release|Any CPU
	EndGlobalSection
	GlobalSection(ProjectConfigurationPlatforms) = postSolution
		{A9630AF9-E759-4124-A3CA-C69B2EA2EA00}.Debug|Any CPU.ActiveCfg = Debug|Any CPU
		{A9630AF9-E759-4124-A3CA-C69B2EA2EA00}.Debug|Any CPU.Build.0 = Debug|Any CPU
		{A9630AF9-E759-4124-A3CA-C69B2EA2EA00}.Release|Any CPU.ActiveCfg = Release|Any CPU
		{A9630AF9-E759-4124-A3CA-C69B2EA2EA00}.Release|Any CPU.Build.0 = Release|Any CPU
	EndGlobalSection
	GlobalSection(SolutionProperties) = preSolution
		HideSolutionNode = FALSE
	EndGlobalSection
	GlobalSection(ExtensibilityGlobals) = postSolution
		SolutionGuid = {87E9A33F-AF93-4897-9F4D-CECD310F47C9}
	EndGlobalSection
EndGlobal
